
Microsoft Visual Studio Solution File, Format Version 12.00
# Visual Studio Version 17
VisualStudioVersion = 17.0.31903.59
MinimumVisualStudioVersion = 10.0.40219.1
Project("{FAE04EC0-301F-11D3-BF4B-00C04F79EFBC}") = "Models", "Models\Models.csproj", "{4D690E31-6508-4ED8-A5EF-3B06CEBC30E9}"
EndProject
Project("{FAE04EC0-301F-11D3-BF4B-00C04F79EFBC}") = "Presentation", "Presentation\Presentation.csproj", "{855074B1-8D98-4F3C-8EBF-3EBE37604C50}"
EndProject
Project("{FAE04EC0-301F-11D3-BF4B-00C04F79EFBC}") = "Repository", "Repository\Repository.csproj", "{AB8790DA-6498-40CA-A416-9AAB211CFF79}"
EndProject
Global
	GlobalSection(SolutionConfigurationPlatforms) = preSolution
		Debug|Any CPU = Debug|Any CPU
		Release|Any CPU = Release|Any CPU
	EndGlobalSection
	GlobalSection(SolutionProperties) = preSolution
		HideSolutionNode = FALSE
	EndGlobalSection
	GlobalSection(ProjectConfigurationPlatforms) = postSolution
		{4D690E31-6508-4ED8-A5EF-3B06CEBC30E9}.Debug|Any CPU.ActiveCfg = Debug|Any CPU
		{4D690E31-6508-4ED8-A5EF-3B06CEBC30E9}.Debug|Any CPU.Build.0 = Debug|Any CPU
		{4D690E31-6508-4ED8-A5EF-3B06CEBC30E9}.Release|Any CPU.ActiveCfg = Release|Any CPU
		{4D690E31-6508-4ED8-A5EF-3B06CEBC30E9}.Release|Any CPU.Build.0 = Release|Any CPU
		{855074B1-8D98-4F3C-8EBF-3EBE37604C50}.Debug|Any CPU.ActiveCfg = Debug|Any CPU
		{855074B1-8D98-4F3C-8EBF-3EBE37604C50}.Debug|Any CPU.Build.0 = Debug|Any CPU
		{855074B1-8D98-4F3C-8EBF-3EBE37604C50}.Release|Any CPU.ActiveCfg = Release|Any CPU
		{855074B1-8D98-4F3C-8EBF-3EBE37604C50}.Release|Any CPU.Build.0 = Release|Any CPU
		{AB8790DA-6498-40CA-A416-9AAB211CFF79}.Debug|Any CPU.ActiveCfg = Debug|Any CPU
		{AB8790DA-6498-40CA-A416-9AAB211CFF79}.Debug|Any CPU.Build.0 = Debug|Any CPU
		{AB8790DA-6498-40CA-A416-9AAB211CFF79}.Release|Any CPU.ActiveCfg = Release|Any CPU
		{AB8790DA-6498-40CA-A416-9AAB211CFF79}.Release|Any CPU.Build.0 = Release|Any CPU
	EndGlobalSection
EndGlobal
